
Microsoft Visual Studio Solution File, Format Version 12.00
# Visual Studio Version 17
VisualStudioVersion = 17.6.33829.357
MinimumVisualStudioVersion = 10.0.40219.1
Project("{FAE04EC0-301F-11D3-BF4B-00C04F79EFBC}") = "ConsoleApp1", "ConsoleApp1\ConsoleApp1.csproj", "{1FBD9509-C7EC-42CB-8B30-F5E21347DFE4}"
EndProject
Global
	GlobalSection(SolutionConfigurationPlatforms) = preSolution
		Debug|Any CPU = Debug|Any CPU
		Release|Any CPU = Release|Any CPU
	EndGlobalSection
	GlobalSection(ProjectConfigurationPlatforms) = postSolution
		{1FBD9509-C7EC-42CB-8B30-F5E21347DFE4}.Debug|Any CPU.ActiveCfg = Debug|Any CPU
		{1FBD9509-C7EC-42CB-8B30-F5E21347DFE4}.Debug|Any CPU.Build.0 = Debug|Any CPU
		{1FBD9509-C7EC-42CB-8B30-F5E21347DFE4}.Release|Any CPU.ActiveCfg = Release|Any CPU
		{1FBD9509-C7EC-42CB-8B30-F5E21347DFE4}.Release|Any CPU.Build.0 = Release|Any CPU
	EndGlobalSection
	GlobalSection(SolutionProperties) = preSolution
		HideSolutionNode = FALSE
	EndGlobalSection
	GlobalSection(ExtensibilityGlobals) = postSolution
		SolutionGuid = {EC26933F-D4AB-43CC-8063-7A8614BC7937}
	EndGlobalSection
EndGlobal
